{
  "originHash" : "fb4954f200e9ee785ac1d5c6e7a60daee3561f61d4fa6439a644d537eafff532",
  "pins" : [
    {
      "identity" : "keyboardshortcutrecorderforuikit",
      "kind" : "remoteSourceControl",
      "location" : "https://github.com/jbrayton/KeyboardShortcutRecorderForUIKit",
      "state" : {
        "revision" : "3b2a51f7bb4b5c79b3f91695fd2c13ad5bebcf71",
        "version" : "1.0.3"
      }
    }
  ],
  "version" : 3
}
