{
  "originHash" : "fb4954f200e9ee785ac1d5c6e7a60daee3561f61d4fa6439a644d537eafff532",
  "pins" : [
    {
      "identity" : "keyboardshortcutrecorderforuikit",
      "kind" : "remoteSourceControl",
      "location" : "https://github.com/jbrayton/KeyboardShortcutRecorderForUIKit",
      "state" : {
        "revision" : "5503c6b2c84f8319f3fee184c1b652489e95d38b",
        "version" : "1.0.1"
      }
    }
  ],
  "version" : 3
}
